
Microsoft Visual Studio Solution File, Format Version 12.00
# Visual Studio Version 17
VisualStudioVersion = 17.9.34728.123
MinimumVisualStudioVersion = 10.0.40219.1
Project("{9A19103F-16F7-4668-BE54-9A1E7A4F7556}") = "NetBms", "NetBms\NetBms.csproj", "{95E6FE07-9D55-4AF0-929B-AF3471958905}"
EndProject
Project("{9A19103F-16F7-4668-BE54-9A1E7A4F7556}") = "PortalOpener", "PortalOpener\PortalOpener.csproj", "{8015F9C5-9BDF-4EE0-A748-B32382C9C176}"
EndProject
Project("{9A19103F-16F7-4668-BE54-9A1E7A4F7556}") = "PortfolioTrader", "PortfolioTrader\PortfolioTrader.csproj", "{4C9D2D63-A3C9-4FD7-910D-E38F023175F6}"
EndProject
Project("{FAE04EC0-301F-11D3-BF4B-00C04F79EFBC}") = "IbClient", "IbClient\IbClient.csproj", "{142E18AC-0D5B-4B58-B9B3-58F523B91911}"
EndProject
Project("{9A19103F-16F7-4668-BE54-9A1E7A4F7556}") = "TwsUserControls", "TwsUserControls\TwsUserControls.csproj", "{C75BFB3E-F42A-464C-A5DC-E990940C3E03}"
EndProject
Project("{9A19103F-16F7-4668-BE54-9A1E7A4F7556}") = "SignalAdvisor", "SignalAdvisor\SignalAdvisor.csproj", "{CA0B5328-E173-49FB-8576-2B870A5C60DF}"
EndProject
Project("{9A19103F-16F7-4668-BE54-9A1E7A4F7556}") = "Signals", "Signals\Signals.csproj", "{5FCAC714-8348-41F3-9B47-8CB2A3973446}"
EndProject
Project("{9A19103F-16F7-4668-BE54-9A1E7A4F7556}") = "SignalsTest", "SignalsTest\SignalsTest.csproj", "{4F7681EB-AD45-429A-BADF-A040CE585E1D}"
EndProject
Project("{9A19103F-16F7-4668-BE54-9A1E7A4F7556}") = "IbClient.UnitTests", "IbClient.UnitTests\IbClient.UnitTests.csproj", "{D733598B-6B20-43A7-A363-B31257A676E5}"
EndProject
Global
	GlobalSection(SolutionConfigurationPlatforms) = preSolution
		Debug|Any CPU = Debug|Any CPU
		Release|Any CPU = Release|Any CPU
	EndGlobalSection
	GlobalSection(ProjectConfigurationPlatforms) = postSolution
		{95E6FE07-9D55-4AF0-929B-AF3471958905}.Debug|Any CPU.ActiveCfg = Debug|Any CPU
		{95E6FE07-9D55-4AF0-929B-AF3471958905}.Debug|Any CPU.Build.0 = Debug|Any CPU
		{95E6FE07-9D55-4AF0-929B-AF3471958905}.Release|Any CPU.ActiveCfg = Release|Any CPU
		{95E6FE07-9D55-4AF0-929B-AF3471958905}.Release|Any CPU.Build.0 = Release|Any CPU
		{8015F9C5-9BDF-4EE0-A748-B32382C9C176}.Debug|Any CPU.ActiveCfg = Debug|Any CPU
		{8015F9C5-9BDF-4EE0-A748-B32382C9C176}.Debug|Any CPU.Build.0 = Debug|Any CPU
		{8015F9C5-9BDF-4EE0-A748-B32382C9C176}.Release|Any CPU.ActiveCfg = Release|Any CPU
		{8015F9C5-9BDF-4EE0-A748-B32382C9C176}.Release|Any CPU.Build.0 = Release|Any CPU
		{4C9D2D63-A3C9-4FD7-910D-E38F023175F6}.Debug|Any CPU.ActiveCfg = Debug|Any CPU
		{4C9D2D63-A3C9-4FD7-910D-E38F023175F6}.Debug|Any CPU.Build.0 = Debug|Any CPU
		{4C9D2D63-A3C9-4FD7-910D-E38F023175F6}.Release|Any CPU.ActiveCfg = Release|Any CPU
		{4C9D2D63-A3C9-4FD7-910D-E38F023175F6}.Release|Any CPU.Build.0 = Release|Any CPU
		{142E18AC-0D5B-4B58-B9B3-58F523B91911}.Debug|Any CPU.ActiveCfg = Debug|Any CPU
		{142E18AC-0D5B-4B58-B9B3-58F523B91911}.Debug|Any CPU.Build.0 = Debug|Any CPU
		{142E18AC-0D5B-4B58-B9B3-58F523B91911}.Release|Any CPU.ActiveCfg = Release|Any CPU
		{142E18AC-0D5B-4B58-B9B3-58F523B91911}.Release|Any CPU.Build.0 = Release|Any CPU
		{C75BFB3E-F42A-464C-A5DC-E990940C3E03}.Debug|Any CPU.ActiveCfg = Debug|Any CPU
		{C75BFB3E-F42A-464C-A5DC-E990940C3E03}.Debug|Any CPU.Build.0 = Debug|Any CPU
		{C75BFB3E-F42A-464C-A5DC-E990940C3E03}.Release|Any CPU.ActiveCfg = Release|Any CPU
		{C75BFB3E-F42A-464C-A5DC-E990940C3E03}.Release|Any CPU.Build.0 = Release|Any CPU
		{CA0B5328-E173-49FB-8576-2B870A5C60DF}.Debug|Any CPU.ActiveCfg = Debug|Any CPU
		{CA0B5328-E173-49FB-8576-2B870A5C60DF}.Debug|Any CPU.Build.0 = Debug|Any CPU
		{CA0B5328-E173-49FB-8576-2B870A5C60DF}.Release|Any CPU.ActiveCfg = Release|Any CPU
		{CA0B5328-E173-49FB-8576-2B870A5C60DF}.Release|Any CPU.Build.0 = Release|Any CPU
		{5FCAC714-8348-41F3-9B47-8CB2A3973446}.Debug|Any CPU.ActiveCfg = Debug|Any CPU
		{5FCAC714-8348-41F3-9B47-8CB2A3973446}.Debug|Any CPU.Build.0 = Debug|Any CPU
		{5FCAC714-8348-41F3-9B47-8CB2A3973446}.Release|Any CPU.ActiveCfg = Release|Any CPU
		{5FCAC714-8348-41F3-9B47-8CB2A3973446}.Release|Any CPU.Build.0 = Release|Any CPU
		{4F7681EB-AD45-429A-BADF-A040CE585E1D}.Debug|Any CPU.ActiveCfg = Debug|Any CPU
		{4F7681EB-AD45-429A-BADF-A040CE585E1D}.Debug|Any CPU.Build.0 = Debug|Any CPU
		{4F7681EB-AD45-429A-BADF-A040CE585E1D}.Release|Any CPU.ActiveCfg = Release|Any CPU
		{4F7681EB-AD45-429A-BADF-A040CE585E1D}.Release|Any CPU.Build.0 = Release|Any CPU
		{D733598B-6B20-43A7-A363-B31257A676E5}.Debug|Any CPU.ActiveCfg = Debug|Any CPU
		{D733598B-6B20-43A7-A363-B31257A676E5}.Debug|Any CPU.Build.0 = Debug|Any CPU
		{D733598B-6B20-43A7-A363-B31257A676E5}.Release|Any CPU.ActiveCfg = Release|Any CPU
		{D733598B-6B20-43A7-A363-B31257A676E5}.Release|Any CPU.Build.0 = Release|Any CPU
	EndGlobalSection
	GlobalSection(SolutionProperties) = preSolution
		HideSolutionNode = FALSE
	EndGlobalSection
	GlobalSection(ExtensibilityGlobals) = postSolution
		SolutionGuid = {ACDECF70-887D-4060-8CB7-C5FFD3CD5294}
	EndGlobalSection
EndGlobal
