
Microsoft Visual Studio Solution File, Format Version 12.00
# Visual Studio Version 17
VisualStudioVersion = 17.0.32002.185
MinimumVisualStudioVersion = 10.0.40219.1
Project("{9A19103F-16F7-4668-BE54-9A1E7A4F7556}") = "Prototype", "Prototype\Prototype.csproj", "{35ADA4FC-7459-4303-8C64-01DFCE2B2362}"
EndProject
Project("{FAE04EC0-301F-11D3-BF4B-00C04F79EFBC}") = "CSharpAPI", "..\TWSAPI\source\CSharpClient\client\CSharpAPI.csproj", "{8EDE0744-96C2-40B0-A8DC-37DF79370203}"
EndProject
Project("{9A19103F-16F7-4668-BE54-9A1E7A4F7556}") = "Rollover", "Rollover\Rollover.csproj", "{40600E7F-C2F4-4952-8DDE-F4817B7B2D69}"
EndProject
Project("{9A19103F-16F7-4668-BE54-9A1E7A4F7556}") = "Rollover.UnitTests", "Rollover.UnitTests\Rollover.UnitTests.csproj", "{69283F0A-8883-4A1B-8128-28FC1F29E06D}"
EndProject
Project("{9A19103F-16F7-4668-BE54-9A1E7A4F7556}") = "Rollover.IntegrationTests", "Rollover.IntegrationTests\Rollover.IntegrationTests.csproj", "{37A0F34A-B747-4155-8589-9F64B2A6B4DF}"
EndProject
Project("{9A19103F-16F7-4668-BE54-9A1E7A4F7556}") = "Rollover.Tests.Shared", "Rollover.Tests.Shared\Rollover.Tests.Shared.csproj", "{557B49F3-7E33-4051-83E8-076BEDB639A3}"
EndProject
Project("{9A19103F-16F7-4668-BE54-9A1E7A4F7556}") = "UsMoversOpening", "UsMoversOpening\UsMoversOpening.csproj", "{A4412324-F1BB-446C-856D-70FFC6BC9986}"
EndProject
Project("{9A19103F-16F7-4668-BE54-9A1E7A4F7556}") = "UsMoversOpening.Tests", "UsMoversOpening.Tests\UsMoversOpening.Tests.csproj", "{C5BBB543-F6D1-469E-B464-C96692B3225B}"
EndProject
Project("{FAE04EC0-301F-11D3-BF4B-00C04F79EFBC}") = "PortfolioAlert", "PortfolioAlert\PortfolioAlert.csproj", "{64F6279B-6FBA-4FAD-A3D9-DD9DB7F73302}"
EndProject
Global
	GlobalSection(SolutionConfigurationPlatforms) = preSolution
		Debug|Any CPU = Debug|Any CPU
		Release|Any CPU = Release|Any CPU
	EndGlobalSection
	GlobalSection(ProjectConfigurationPlatforms) = postSolution
		{35ADA4FC-7459-4303-8C64-01DFCE2B2362}.Debug|Any CPU.ActiveCfg = Debug|Any CPU
		{35ADA4FC-7459-4303-8C64-01DFCE2B2362}.Debug|Any CPU.Build.0 = Debug|Any CPU
		{35ADA4FC-7459-4303-8C64-01DFCE2B2362}.Release|Any CPU.ActiveCfg = Release|Any CPU
		{35ADA4FC-7459-4303-8C64-01DFCE2B2362}.Release|Any CPU.Build.0 = Release|Any CPU
		{8EDE0744-96C2-40B0-A8DC-37DF79370203}.Debug|Any CPU.ActiveCfg = Debug|Any CPU
		{8EDE0744-96C2-40B0-A8DC-37DF79370203}.Debug|Any CPU.Build.0 = Debug|Any CPU
		{8EDE0744-96C2-40B0-A8DC-37DF79370203}.Release|Any CPU.ActiveCfg = Release|Any CPU
		{8EDE0744-96C2-40B0-A8DC-37DF79370203}.Release|Any CPU.Build.0 = Release|Any CPU
		{40600E7F-C2F4-4952-8DDE-F4817B7B2D69}.Debug|Any CPU.ActiveCfg = Debug|Any CPU
		{40600E7F-C2F4-4952-8DDE-F4817B7B2D69}.Debug|Any CPU.Build.0 = Debug|Any CPU
		{40600E7F-C2F4-4952-8DDE-F4817B7B2D69}.Release|Any CPU.ActiveCfg = Release|Any CPU
		{40600E7F-C2F4-4952-8DDE-F4817B7B2D69}.Release|Any CPU.Build.0 = Release|Any CPU
		{69283F0A-8883-4A1B-8128-28FC1F29E06D}.Debug|Any CPU.ActiveCfg = Debug|Any CPU
		{69283F0A-8883-4A1B-8128-28FC1F29E06D}.Debug|Any CPU.Build.0 = Debug|Any CPU
		{69283F0A-8883-4A1B-8128-28FC1F29E06D}.Release|Any CPU.ActiveCfg = Release|Any CPU
		{69283F0A-8883-4A1B-8128-28FC1F29E06D}.Release|Any CPU.Build.0 = Release|Any CPU
		{37A0F34A-B747-4155-8589-9F64B2A6B4DF}.Debug|Any CPU.ActiveCfg = Debug|Any CPU
		{37A0F34A-B747-4155-8589-9F64B2A6B4DF}.Debug|Any CPU.Build.0 = Debug|Any CPU
		{37A0F34A-B747-4155-8589-9F64B2A6B4DF}.Release|Any CPU.ActiveCfg = Release|Any CPU
		{37A0F34A-B747-4155-8589-9F64B2A6B4DF}.Release|Any CPU.Build.0 = Release|Any CPU
		{557B49F3-7E33-4051-83E8-076BEDB639A3}.Debug|Any CPU.ActiveCfg = Debug|Any CPU
		{557B49F3-7E33-4051-83E8-076BEDB639A3}.Debug|Any CPU.Build.0 = Debug|Any CPU
		{557B49F3-7E33-4051-83E8-076BEDB639A3}.Release|Any CPU.ActiveCfg = Release|Any CPU
		{557B49F3-7E33-4051-83E8-076BEDB639A3}.Release|Any CPU.Build.0 = Release|Any CPU
		{A4412324-F1BB-446C-856D-70FFC6BC9986}.Debug|Any CPU.ActiveCfg = Debug|Any CPU
		{A4412324-F1BB-446C-856D-70FFC6BC9986}.Debug|Any CPU.Build.0 = Debug|Any CPU
		{A4412324-F1BB-446C-856D-70FFC6BC9986}.Release|Any CPU.ActiveCfg = Release|Any CPU
		{A4412324-F1BB-446C-856D-70FFC6BC9986}.Release|Any CPU.Build.0 = Release|Any CPU
		{C5BBB543-F6D1-469E-B464-C96692B3225B}.Debug|Any CPU.ActiveCfg = Debug|Any CPU
		{C5BBB543-F6D1-469E-B464-C96692B3225B}.Debug|Any CPU.Build.0 = Debug|Any CPU
		{C5BBB543-F6D1-469E-B464-C96692B3225B}.Release|Any CPU.ActiveCfg = Release|Any CPU
		{C5BBB543-F6D1-469E-B464-C96692B3225B}.Release|Any CPU.Build.0 = Release|Any CPU
		{64F6279B-6FBA-4FAD-A3D9-DD9DB7F73302}.Debug|Any CPU.ActiveCfg = Debug|Any CPU
		{64F6279B-6FBA-4FAD-A3D9-DD9DB7F73302}.Debug|Any CPU.Build.0 = Debug|Any CPU
		{64F6279B-6FBA-4FAD-A3D9-DD9DB7F73302}.Release|Any CPU.ActiveCfg = Release|Any CPU
		{64F6279B-6FBA-4FAD-A3D9-DD9DB7F73302}.Release|Any CPU.Build.0 = Release|Any CPU
	EndGlobalSection
	GlobalSection(SolutionProperties) = preSolution
		HideSolutionNode = FALSE
	EndGlobalSection
	GlobalSection(ExtensibilityGlobals) = postSolution
		SolutionGuid = {2E649646-14AD-4F82-A329-48317523E7BD}
	EndGlobalSection
EndGlobal
