
Microsoft Visual Studio Solution File, Format Version 12.00
# Visual Studio Version 17
VisualStudioVersion = 17.0.32002.185
MinimumVisualStudioVersion = 10.0.40219.1
Project("{9A19103F-16F7-4668-BE54-9A1E7A4F7556}") = "Prototype", "Prototype\Prototype.csproj", "{35ADA4FC-7459-4303-8C64-01DFCE2B2362}"
EndProject
Project("{FAE04EC0-301F-11D3-BF4B-00C04F79EFBC}") = "CSharpAPI", "..\TWSAPI\source\CSharpClient\client\CSharpAPI.csproj", "{8EDE0744-96C2-40B0-A8DC-37DF79370203}"
EndProject
Project("{9A19103F-16F7-4668-BE54-9A1E7A4F7556}") = "Rollover", "Rollover\Rollover.csproj", "{40600E7F-C2F4-4952-8DDE-F4817B7B2D69}"
EndProject
Project("{9A19103F-16F7-4668-BE54-9A1E7A4F7556}") = "Rollover.UnitTests", "Rollover.UnitTests\Rollover.UnitTests.csproj", "{69283F0A-8883-4A1B-8128-28FC1F29E06D}"
EndProject
Project("{9A19103F-16F7-4668-BE54-9A1E7A4F7556}") = "Rollover.IntegrationTests", "Rollover.IntegrationTests\Rollover.IntegrationTests.csproj", "{37A0F34A-B747-4155-8589-9F64B2A6B4DF}"
EndProject
Project("{9A19103F-16F7-4668-BE54-9A1E7A4F7556}") = "Rollover.Tests.Shared", "Rollover.Tests.Shared\Rollover.Tests.Shared.csproj", "{557B49F3-7E33-4051-83E8-076BEDB639A3}"
EndProject
Project("{9A19103F-16F7-4668-BE54-9A1E7A4F7556}") = "UsMoversOpening", "UsMoversOpening\UsMoversOpening.csproj", "{A4412324-F1BB-446C-856D-70FFC6BC9986}"
EndProject
Project("{9A19103F-16F7-4668-BE54-9A1E7A4F7556}") = "UsMoversOpening.Tests", "UsMoversOpening.Tests\UsMoversOpening.Tests.csproj", "{C5BBB543-F6D1-469E-B464-C96692B3225B}"
EndProject
Project("{9A19103F-16F7-4668-BE54-9A1E7A4F7556}") = "PortfolioAlert", "PortfolioAlert\PortfolioAlert.csproj", "{64F6279B-6FBA-4FAD-A3D9-DD9DB7F73302}"
EndProject
Project("{9A19103F-16F7-4668-BE54-9A1E7A4F7556}") = "PrototypeWpf", "PrototypeWpf\PrototypeWpf.csproj", "{6158B877-961D-449C-827D-2F33DEF241A9}"
EndProject
Project("{FAE04EC0-301F-11D3-BF4B-00C04F79EFBC}") = "IbClient", "IbClient\IbClient.csproj", "{142E18AC-0D5B-4B58-B9B3-58F523B91911}"
EndProject
Project("{FAE04EC0-301F-11D3-BF4B-00C04F79EFBC}") = "OptionHelper", "OptionHelper\OptionHelper.csproj", "{D24D3910-FBDF-437F-8CC0-88781E74518E}"
EndProject
Project("{9A19103F-16F7-4668-BE54-9A1E7A4F7556}") = "OptionHelper.Tests", "OptionHelper.Tests\OptionHelper.Tests.csproj", "{BF4E1821-7578-4C05-A227-ED8A1ED1E1B9}"
EndProject
Project("{9A19103F-16F7-4668-BE54-9A1E7A4F7556}") = "SsbOrderSender", "SsbOrderSender\SsbOrderSender.csproj", "{2FEBF3AD-2AC0-4816-9649-C17DF3E28167}"
EndProject
Project("{9A19103F-16F7-4668-BE54-9A1E7A4F7556}") = "SsbHedger", "SsbHedger\SsbHedger.csproj", "{4754895E-D2C6-42FC-B0B2-A75967270893}"
EndProject
Project("{9A19103F-16F7-4668-BE54-9A1E7A4F7556}") = "SsbHedger.UnitTests", "SsbHedger.UnitTests\SsbHedger.UnitTests.csproj", "{D3FE0A38-D395-4409-BDD9-87E073F23207}"
EndProject
Project("{2150E333-8FDC-42A3-9474-1A3956D46DE8}") = "Solution Items", "Solution Items", "{85FC4CE5-8289-4C20-A4F1-3EAB9293DE6A}"
	ProjectSection(SolutionItems) = preProject
		.editorconfig = .editorconfig
	EndProjectSection
EndProject
Project("{9A19103F-16F7-4668-BE54-9A1E7A4F7556}") = "ChartControls", "ChartControls\ChartControls.csproj", "{11144BC6-68EF-4DDD-96B3-CFEEC02E2BFD}"
EndProject
Project("{9A19103F-16F7-4668-BE54-9A1E7A4F7556}") = "IbClient.UnitTests", "IbClient.UnitTests\IbClient.UnitTests.csproj", "{1F674692-2028-4101-81BD-BFD58B04BD4D}"
EndProject
Project("{9A19103F-16F7-4668-BE54-9A1E7A4F7556}") = "Dsmn", "EventTrader\Dsmn.csproj", "{C372FA65-BD1D-480C-BDD9-F7D9271F0F65}"
EndProject
Global
	GlobalSection(SolutionConfigurationPlatforms) = preSolution
		Debug|Any CPU = Debug|Any CPU
		Release|Any CPU = Release|Any CPU
	EndGlobalSection
	GlobalSection(ProjectConfigurationPlatforms) = postSolution
		{35ADA4FC-7459-4303-8C64-01DFCE2B2362}.Debug|Any CPU.ActiveCfg = Debug|Any CPU
		{35ADA4FC-7459-4303-8C64-01DFCE2B2362}.Debug|Any CPU.Build.0 = Debug|Any CPU
		{35ADA4FC-7459-4303-8C64-01DFCE2B2362}.Release|Any CPU.ActiveCfg = Release|Any CPU
		{35ADA4FC-7459-4303-8C64-01DFCE2B2362}.Release|Any CPU.Build.0 = Release|Any CPU
		{8EDE0744-96C2-40B0-A8DC-37DF79370203}.Debug|Any CPU.ActiveCfg = Debug|Any CPU
		{8EDE0744-96C2-40B0-A8DC-37DF79370203}.Debug|Any CPU.Build.0 = Debug|Any CPU
		{8EDE0744-96C2-40B0-A8DC-37DF79370203}.Release|Any CPU.ActiveCfg = Release|Any CPU
		{8EDE0744-96C2-40B0-A8DC-37DF79370203}.Release|Any CPU.Build.0 = Release|Any CPU
		{40600E7F-C2F4-4952-8DDE-F4817B7B2D69}.Debug|Any CPU.ActiveCfg = Debug|Any CPU
		{40600E7F-C2F4-4952-8DDE-F4817B7B2D69}.Debug|Any CPU.Build.0 = Debug|Any CPU
		{40600E7F-C2F4-4952-8DDE-F4817B7B2D69}.Release|Any CPU.ActiveCfg = Release|Any CPU
		{40600E7F-C2F4-4952-8DDE-F4817B7B2D69}.Release|Any CPU.Build.0 = Release|Any CPU
		{69283F0A-8883-4A1B-8128-28FC1F29E06D}.Debug|Any CPU.ActiveCfg = Debug|Any CPU
		{69283F0A-8883-4A1B-8128-28FC1F29E06D}.Debug|Any CPU.Build.0 = Debug|Any CPU
		{69283F0A-8883-4A1B-8128-28FC1F29E06D}.Release|Any CPU.ActiveCfg = Release|Any CPU
		{69283F0A-8883-4A1B-8128-28FC1F29E06D}.Release|Any CPU.Build.0 = Release|Any CPU
		{37A0F34A-B747-4155-8589-9F64B2A6B4DF}.Debug|Any CPU.ActiveCfg = Debug|Any CPU
		{37A0F34A-B747-4155-8589-9F64B2A6B4DF}.Debug|Any CPU.Build.0 = Debug|Any CPU
		{37A0F34A-B747-4155-8589-9F64B2A6B4DF}.Release|Any CPU.ActiveCfg = Release|Any CPU
		{37A0F34A-B747-4155-8589-9F64B2A6B4DF}.Release|Any CPU.Build.0 = Release|Any CPU
		{557B49F3-7E33-4051-83E8-076BEDB639A3}.Debug|Any CPU.ActiveCfg = Debug|Any CPU
		{557B49F3-7E33-4051-83E8-076BEDB639A3}.Debug|Any CPU.Build.0 = Debug|Any CPU
		{557B49F3-7E33-4051-83E8-076BEDB639A3}.Release|Any CPU.ActiveCfg = Release|Any CPU
		{557B49F3-7E33-4051-83E8-076BEDB639A3}.Release|Any CPU.Build.0 = Release|Any CPU
		{A4412324-F1BB-446C-856D-70FFC6BC9986}.Debug|Any CPU.ActiveCfg = Debug|Any CPU
		{A4412324-F1BB-446C-856D-70FFC6BC9986}.Debug|Any CPU.Build.0 = Debug|Any CPU
		{A4412324-F1BB-446C-856D-70FFC6BC9986}.Release|Any CPU.ActiveCfg = Release|Any CPU
		{A4412324-F1BB-446C-856D-70FFC6BC9986}.Release|Any CPU.Build.0 = Release|Any CPU
		{C5BBB543-F6D1-469E-B464-C96692B3225B}.Debug|Any CPU.ActiveCfg = Debug|Any CPU
		{C5BBB543-F6D1-469E-B464-C96692B3225B}.Debug|Any CPU.Build.0 = Debug|Any CPU
		{C5BBB543-F6D1-469E-B464-C96692B3225B}.Release|Any CPU.ActiveCfg = Release|Any CPU
		{C5BBB543-F6D1-469E-B464-C96692B3225B}.Release|Any CPU.Build.0 = Release|Any CPU
		{64F6279B-6FBA-4FAD-A3D9-DD9DB7F73302}.Debug|Any CPU.ActiveCfg = Debug|Any CPU
		{64F6279B-6FBA-4FAD-A3D9-DD9DB7F73302}.Debug|Any CPU.Build.0 = Debug|Any CPU
		{64F6279B-6FBA-4FAD-A3D9-DD9DB7F73302}.Release|Any CPU.ActiveCfg = Release|Any CPU
		{64F6279B-6FBA-4FAD-A3D9-DD9DB7F73302}.Release|Any CPU.Build.0 = Release|Any CPU
		{6158B877-961D-449C-827D-2F33DEF241A9}.Debug|Any CPU.ActiveCfg = Debug|Any CPU
		{6158B877-961D-449C-827D-2F33DEF241A9}.Debug|Any CPU.Build.0 = Debug|Any CPU
		{6158B877-961D-449C-827D-2F33DEF241A9}.Release|Any CPU.ActiveCfg = Release|Any CPU
		{6158B877-961D-449C-827D-2F33DEF241A9}.Release|Any CPU.Build.0 = Release|Any CPU
		{142E18AC-0D5B-4B58-B9B3-58F523B91911}.Debug|Any CPU.ActiveCfg = Debug|Any CPU
		{142E18AC-0D5B-4B58-B9B3-58F523B91911}.Debug|Any CPU.Build.0 = Debug|Any CPU
		{142E18AC-0D5B-4B58-B9B3-58F523B91911}.Release|Any CPU.ActiveCfg = Release|Any CPU
		{142E18AC-0D5B-4B58-B9B3-58F523B91911}.Release|Any CPU.Build.0 = Release|Any CPU
		{D24D3910-FBDF-437F-8CC0-88781E74518E}.Debug|Any CPU.ActiveCfg = Debug|Any CPU
		{D24D3910-FBDF-437F-8CC0-88781E74518E}.Debug|Any CPU.Build.0 = Debug|Any CPU
		{D24D3910-FBDF-437F-8CC0-88781E74518E}.Release|Any CPU.ActiveCfg = Release|Any CPU
		{D24D3910-FBDF-437F-8CC0-88781E74518E}.Release|Any CPU.Build.0 = Release|Any CPU
		{BF4E1821-7578-4C05-A227-ED8A1ED1E1B9}.Debug|Any CPU.ActiveCfg = Debug|Any CPU
		{BF4E1821-7578-4C05-A227-ED8A1ED1E1B9}.Debug|Any CPU.Build.0 = Debug|Any CPU
		{BF4E1821-7578-4C05-A227-ED8A1ED1E1B9}.Release|Any CPU.ActiveCfg = Release|Any CPU
		{BF4E1821-7578-4C05-A227-ED8A1ED1E1B9}.Release|Any CPU.Build.0 = Release|Any CPU
		{2FEBF3AD-2AC0-4816-9649-C17DF3E28167}.Debug|Any CPU.ActiveCfg = Debug|Any CPU
		{2FEBF3AD-2AC0-4816-9649-C17DF3E28167}.Debug|Any CPU.Build.0 = Debug|Any CPU
		{2FEBF3AD-2AC0-4816-9649-C17DF3E28167}.Release|Any CPU.ActiveCfg = Release|Any CPU
		{2FEBF3AD-2AC0-4816-9649-C17DF3E28167}.Release|Any CPU.Build.0 = Release|Any CPU
		{4754895E-D2C6-42FC-B0B2-A75967270893}.Debug|Any CPU.ActiveCfg = Debug|Any CPU
		{4754895E-D2C6-42FC-B0B2-A75967270893}.Debug|Any CPU.Build.0 = Debug|Any CPU
		{4754895E-D2C6-42FC-B0B2-A75967270893}.Release|Any CPU.ActiveCfg = Release|Any CPU
		{4754895E-D2C6-42FC-B0B2-A75967270893}.Release|Any CPU.Build.0 = Release|Any CPU
		{D3FE0A38-D395-4409-BDD9-87E073F23207}.Debug|Any CPU.ActiveCfg = Debug|Any CPU
		{D3FE0A38-D395-4409-BDD9-87E073F23207}.Debug|Any CPU.Build.0 = Debug|Any CPU
		{D3FE0A38-D395-4409-BDD9-87E073F23207}.Release|Any CPU.ActiveCfg = Release|Any CPU
		{D3FE0A38-D395-4409-BDD9-87E073F23207}.Release|Any CPU.Build.0 = Release|Any CPU
		{11144BC6-68EF-4DDD-96B3-CFEEC02E2BFD}.Debug|Any CPU.ActiveCfg = Debug|Any CPU
		{11144BC6-68EF-4DDD-96B3-CFEEC02E2BFD}.Debug|Any CPU.Build.0 = Debug|Any CPU
		{11144BC6-68EF-4DDD-96B3-CFEEC02E2BFD}.Release|Any CPU.ActiveCfg = Release|Any CPU
		{11144BC6-68EF-4DDD-96B3-CFEEC02E2BFD}.Release|Any CPU.Build.0 = Release|Any CPU
		{1F674692-2028-4101-81BD-BFD58B04BD4D}.Debug|Any CPU.ActiveCfg = Debug|Any CPU
		{1F674692-2028-4101-81BD-BFD58B04BD4D}.Debug|Any CPU.Build.0 = Debug|Any CPU
		{1F674692-2028-4101-81BD-BFD58B04BD4D}.Release|Any CPU.ActiveCfg = Release|Any CPU
		{1F674692-2028-4101-81BD-BFD58B04BD4D}.Release|Any CPU.Build.0 = Release|Any CPU
		{C372FA65-BD1D-480C-BDD9-F7D9271F0F65}.Debug|Any CPU.ActiveCfg = Debug|Any CPU
		{C372FA65-BD1D-480C-BDD9-F7D9271F0F65}.Debug|Any CPU.Build.0 = Debug|Any CPU
		{C372FA65-BD1D-480C-BDD9-F7D9271F0F65}.Release|Any CPU.ActiveCfg = Release|Any CPU
		{C372FA65-BD1D-480C-BDD9-F7D9271F0F65}.Release|Any CPU.Build.0 = Release|Any CPU
	EndGlobalSection
	GlobalSection(SolutionProperties) = preSolution
		HideSolutionNode = FALSE
	EndGlobalSection
	GlobalSection(ExtensibilityGlobals) = postSolution
		SolutionGuid = {2E649646-14AD-4F82-A329-48317523E7BD}
	EndGlobalSection
EndGlobal
